{
  "lockfileVersion": 1,
  "configVersion": 1,
  "workspaces": {
    "": {
      "name": "bunstart",
      "dependencies": {
        "zod": "^4.3.6",
      },
      "devDependencies": {
        "@types/bun": "1.3.10",
        "bun-plugin-isolated-decl": "^0.2.9",
        "oxc-transform": "^0.127.0",
        "prettier": "^3.8.1",
        "type-fest": "^5.4.4",
        "typescript": "^6.0.3",
      },
      "peerDependencies": {
        "typescript": "^5",
      },
    },
    "apps/build": {
      "name": "@bunstart/build",
      "version": "0.0.1",
      "devDependencies": {
        "@types/bun": "latest",
      },
      "peerDependencies": {
        "typescript": "^5",
      },
    },
    "apps/doc": {
      "name": "@bunstart/doc",
      "version": "0.0.1",
      "devDependencies": {
        "@types/bun": "latest",
      },
      "peerDependencies": {
        "typescript": "^5",
      },
    },
    "apps/lab": {
      "name": "lab",
      "devDependencies": {
        "@types/bun": "latest",
      },
      "peerDependencies": {
        "typescript": "^5",
      },
    },
    "packages/cli": {
      "name": "@bunstart/cli",
      "version": "0.4.0",
      "bin": {
        "bunstart": "./dist/index.js",
        "buns": "./dist/index.js",
      },
      "dependencies": {
        "@bunstart/pack": "workspace:*",
        "enquirer": "^2.4.1",
      },
      "devDependencies": {
        "@types/bun": "1.3.10",
        "@types/node": "^25.6.0",
        "bun-types": "^1.3.13",
        "type-fest": "^5.4.4",
      },
      "peerDependencies": {
        "typescript": "^5",
      },
    },
    "packages/pack": {
      "name": "@bunstart/pack",
      "version": "0.0.1",
      "devDependencies": {
        "@types/node": "^25.6.0",
        "bun-plugin-isolated-decl": "^0.2.9",
        "bun-types": "^1.3.13",
      },
      "peerDependencies": {
        "typescript": "^5",
      },
    },
  },
  "packages": {
    "@bunstart/build": ["@bunstart/build@workspace:apps/build"],

    "@bunstart/cli": ["@bunstart/cli@workspace:packages/cli"],

    "@bunstart/doc": ["@bunstart/doc@workspace:apps/doc"],

    "@bunstart/pack": ["@bunstart/pack@workspace:packages/pack"],

    "@emnapi/core": ["@emnapi/core@1.9.2", "", { "dependencies": { "@emnapi/wasi-threads": "1.2.1", "tslib": "^2.4.0" } }, "sha512-UC+ZhH3XtczQYfOlu3lNEkdW/p4dsJ1r/bP7H8+rhao3TTTMO1ATq/4DdIi23XuGoFY+Cz0JmCbdVl0hz9jZcA=="],

    "@emnapi/runtime": ["@emnapi/runtime@1.9.2", "", { "dependencies": { "tslib": "^2.4.0" } }, "sha512-3U4+MIWHImeyu1wnmVygh5WlgfYDtyf0k8AbLhMFxOipihf6nrWC4syIm/SwEeec0mNSafiiNnMJwbza/Is6Lw=="],

    "@emnapi/wasi-threads": ["@emnapi/wasi-threads@1.2.1", "", { "dependencies": { "tslib": "^2.4.0" } }, "sha512-uTII7OYF+/Mes/MrcIOYp5yOtSMLBWSIoLPpcgwipoiKbli6k322tcoFsxoIIxPDqW01SQGAgko4EzZi2BNv2w=="],

    "@jridgewell/gen-mapping": ["@jridgewell/gen-mapping@0.3.13", "", { "dependencies": { "@jridgewell/sourcemap-codec": "^1.5.0", "@jridgewell/trace-mapping": "^0.3.24" } }, "sha512-2kkt/7niJ6MgEPxF0bYdQ6etZaA+fQvDcLKckhy1yIQOzaoKjBBjSj63/aLVjYE3qhRt5dvM+uUyfCg6UKCBbA=="],

    "@jridgewell/remapping": ["@jridgewell/remapping@2.3.5", "", { "dependencies": { "@jridgewell/gen-mapping": "^0.3.5", "@jridgewell/trace-mapping": "^0.3.24" } }, "sha512-LI9u/+laYG4Ds1TDKSJW2YPrIlcVYOwi2fUC6xB43lueCjgxV4lffOCZCtYFiH6TNOX+tQKXx97T4IKHbhyHEQ=="],

    "@jridgewell/resolve-uri": ["@jridgewell/resolve-uri@3.1.2", "", {}, "sha512-bRISgCIjP20/tbWSPWMEi54QVPRZExkuD9lJL+UIxUKtwVJA8wW1Trb1jMs1RFXo1CBTNZ/5hpC9QvmKWdopKw=="],

    "@jridgewell/sourcemap-codec": ["@jridgewell/sourcemap-codec@1.5.5", "", {}, "sha512-cYQ9310grqxueWbl+WuIUIaiUaDcj7WOq5fVhEljNVgRfOUhY9fy2zTvfoqWsnebh8Sl70VScFbICvJnLKB0Og=="],

    "@jridgewell/trace-mapping": ["@jridgewell/trace-mapping@0.3.31", "", { "dependencies": { "@jridgewell/resolve-uri": "^3.1.0", "@jridgewell/sourcemap-codec": "^1.4.14" } }, "sha512-zzNR+SdQSDJzc8joaeP8QQoCQr8NuYx2dIIytl1QeBEZHJ9uW6hebsrYgbz8hJwUQao3TWCMtmfV8Nu1twOLAw=="],

    "@napi-rs/wasm-runtime": ["@napi-rs/wasm-runtime@1.1.4", "", { "dependencies": { "@tybys/wasm-util": "^0.10.1" }, "peerDependencies": { "@emnapi/core": "^1.7.1", "@emnapi/runtime": "^1.7.1" } }, "sha512-3NQNNgA1YSlJb/kMH1ildASP9HW7/7kYnRI2szWJaofaS1hWmbGI4H+d3+22aGzXXN9IJ+n+GiFVcGipJP18ow=="],

    "@oxc-parser/binding-android-arm-eabi": ["@oxc-parser/binding-android-arm-eabi@0.127.0", "", { "os": "android", "cpu": "arm" }, "sha512-0LC7ye4hvqbIKxAzThzvswgHLFu2AURKzYLeSVvLdu2TBOYWQDmHnTqPLeA597BcUCxiLqLsS4CJ5uoI5WYWCQ=="],

    "@oxc-parser/binding-android-arm64": ["@oxc-parser/binding-android-arm64@0.127.0", "", { "os": "android", "cpu": "arm64" }, "sha512-b5jtVTH6AU5CJXHNdj7Jj9IEiR9yVjjnwHzPJhGyHGPdcsZSzBCkS9GBbV33niRMvKthDwQRFRJfI4a+k4PvYg=="],

    "@oxc-parser/binding-darwin-arm64": ["@oxc-parser/binding-darwin-arm64@0.127.0", "", { "os": "darwin", "cpu": "arm64" }, "sha512-obCE8B7ISKkJidjlhv9xRGJPOSDG2Yu6PRga9Ruaz35uintHxbp1Ki/Yc71wx4rj3Edrm0a1kzG1TAwit0wFpg=="],

    "@oxc-parser/binding-darwin-x64": ["@oxc-parser/binding-darwin-x64@0.127.0", "", { "os": "darwin", "cpu": "x64" }, "sha512-JL6Xb5IwPQT8rUzlpsX7E+AgfcdNklXNPFp8pjCQQ5MQOQo5rtEB2ui+3Hgg9Sn7Y9Egj6YOLLiHhLpdAe12Aw=="],

    "@oxc-parser/binding-freebsd-x64": ["@oxc-parser/binding-freebsd-x64@0.127.0", "", { "os": "freebsd", "cpu": "x64" }, "sha512-SDQ/3MQFw58fqQz3Z1PhSKFF3JoCF4gmlNjziDm8X02tTahCw0qJbd7FGPDKw1i4VTBZene9JPyC3mHtSvi+wA=="],

    "@oxc-parser/binding-linux-arm-gnueabihf": ["@oxc-parser/binding-linux-arm-gnueabihf@0.127.0", "", { "os": "linux", "cpu": "arm" }, "sha512-Av+D1MIqzV0YMGPT9we2SIZaMKD7Cxs4CvXSx/yxaWHewZjYEjScpOf5igc8IILASViw4WTnjlwUdI1KzVtDHQ=="],

    "@oxc-parser/binding-linux-arm-musleabihf": ["@oxc-parser/binding-linux-arm-musleabihf@0.127.0", "", { "os": "linux", "cpu": "arm" }, "sha512-Cs2fdJ8cPpFdeebj6p4dag8A4+56hPvZ0AhQQzlaLswGz1tz7bXt1nETLeorrM9+AMcWFFkqxcXwDGfTVidY8g=="],

    "@oxc-parser/binding-linux-arm64-gnu": ["@oxc-parser/binding-linux-arm64-gnu@0.127.0", "", { "os": "linux", "cpu": "arm64" }, "sha512-qdOfTcT6SY8gsJrrV92uyEUyjqMGPpIB5JZUG6QN5dukYd+7/j0kX6MwK1DgQj39jtUYixxPiaRUiEN1+0CXgQ=="],

    "@oxc-parser/binding-linux-arm64-musl": ["@oxc-parser/binding-linux-arm64-musl@0.127.0", "", { "os": "linux", "cpu": "arm64" }, "sha512-EoTCZneNFU/P2qrpEM+RHmQwt+CvDkyGESG6qhr7KaegXLZwePfbrkCDfAk8/rhxbDUVGsZILX+2tqPzFtoFWA=="],

    "@oxc-parser/binding-linux-ppc64-gnu": ["@oxc-parser/binding-linux-ppc64-gnu@0.127.0", "", { "os": "linux", "cpu": "ppc64" }, "sha512-zALjmZYgxFLHjXeudcDF0xFGNydTAtkAeXAr2EuC17ywCyFxcmQra4w0BMde0Yi/re4Bi4iwEoEXtYN7l6eBLQ=="],

    "@oxc-parser/binding-linux-riscv64-gnu": ["@oxc-parser/binding-linux-riscv64-gnu@0.127.0", "", { "os": "linux", "cpu": "none" }, "sha512-fPP8M6zQLS7Jz7o9d5ArUSuAuSK3e+WCYVrCpdzeCOejidtZExJ9tjhDrAd3HEPqARBCPmdpqxESPFqy44vkBQ=="],

    "@oxc-parser/binding-linux-riscv64-musl": ["@oxc-parser/binding-linux-riscv64-musl@0.127.0", "", { "os": "linux", "cpu": "none" }, "sha512-7IcC4Ao02oGpfnjt+X/oF4U2mllo2qoSkw5xxiXNKL9MCTsTiAC6616beOuehdxGcnz1bRoPC1RQ2f1GQDdN+g=="],

    "@oxc-parser/binding-linux-s390x-gnu": ["@oxc-parser/binding-linux-s390x-gnu@0.127.0", "", { "os": "linux", "cpu": "s390x" }, "sha512-pbXIhiNFHoqWeqDNLiJ9JkpHz1IM9k4DXa66x+1GTWMG7iLxtkXgE53iiuKSXwmk3zIYmaPVfBvgcAhS583K4Q=="],

    "@oxc-parser/binding-linux-x64-gnu": ["@oxc-parser/binding-linux-x64-gnu@0.127.0", "", { "os": "linux", "cpu": "x64" }, "sha512-MYCguB9RvBvlSd6gbuNI7QwiLoCCAlGnlRJFPrzLI6U1/9wkC/WK6LtBAUln55H1Ctqw45PWmqrobKoMhsYQzQ=="],

    "@oxc-parser/binding-linux-x64-musl": ["@oxc-parser/binding-linux-x64-musl@0.127.0", "", { "os": "linux", "cpu": "x64" }, "sha512-5eY0B/bxf1xIUxb4NOTvOI3KWtBQfPWYyKAzgcrCt0mDibSZygVpO1Pz8bkeiSZ5Jj9+M09dkggG3H8I5d0Uyg=="],

    "@oxc-parser/binding-openharmony-arm64": ["@oxc-parser/binding-openharmony-arm64@0.127.0", "", { "os": "none", "cpu": "arm64" }, "sha512-Gld0ajrFTUXNtdw20fVBuTQx66FA75nIVg+//pPfR3sXkuABB4mTBhl3r9JNzrJpgW//qiwxf0nWXUWGJSL3UQ=="],

    "@oxc-parser/binding-wasm32-wasi": ["@oxc-parser/binding-wasm32-wasi@0.127.0", "", { "dependencies": { "@emnapi/core": "1.9.2", "@emnapi/runtime": "1.9.2", "@napi-rs/wasm-runtime": "^1.1.4" }, "cpu": "none" }, "sha512-T6KVD7rhLzFlwGRXMnxUFfkCZD8FHnb968wVXW1mXzgRFc5RNXOBY2mPPDZ77x5Ln76ltLMgtPg0cOkU1NSrEQ=="],

    "@oxc-parser/binding-win32-arm64-msvc": ["@oxc-parser/binding-win32-arm64-msvc@0.127.0", "", { "os": "win32", "cpu": "arm64" }, "sha512-Ujvw4X+LD1CCGULcsQcvb4YNVoBGqt+JHgNNzGGaCImELiZLk477ifUH53gIbE7EKd933NdTi25JWEr9K2HwXw=="],

    "@oxc-parser/binding-win32-ia32-msvc": ["@oxc-parser/binding-win32-ia32-msvc@0.127.0", "", { "os": "win32", "cpu": "ia32" }, "sha512-0cwxKO7KHQQQfo4Uf4B2SQrhgm+cJaP9OvFFhx52Tkg4bezsacu83GB2/In5bC415Ueeym+kXdnge/57rbSfTw=="],

    "@oxc-parser/binding-win32-x64-msvc": ["@oxc-parser/binding-win32-x64-msvc@0.127.0", "", { "os": "win32", "cpu": "x64" }, "sha512-rOrnSQSCbhI2kowr9XxE7m9a8oQXnBHjnS6j95LxxAnEZ0+Fz20WlRXG4ondQb+ejjt2KOsa65sE6++L6kUd+w=="],

    "@oxc-project/types": ["@oxc-project/types@0.127.0", "", {}, "sha512-aIYXQBo4lCbO4z0R3FHeucQHpF46l2LbMdxRvqvuRuW2OxdnSkcng5B8+K12spgLDj93rtN3+J2Vac/TIO+ciQ=="],

    "@oxc-transform/binding-android-arm-eabi": ["@oxc-transform/binding-android-arm-eabi@0.127.0", "", { "os": "android", "cpu": "arm" }, "sha512-jPnE3HfHJlA9NdPnE7UoY/D4USAoPD/DBx6S4HwFuuqub8ATIW5bCue4MriPuA5qotzMngCbvyrBELuCyM2HPA=="],

    "@oxc-transform/binding-android-arm64": ["@oxc-transform/binding-android-arm64@0.127.0", "", { "os": "android", "cpu": "arm64" }, "sha512-xB1TxtVUHmlv0VvK02fST227wH78Q2TrWv0gHrlmopEFISV2+A7hx2xkVPy/ESgDCGMPjjKxfZYPCv3BtZ2sPQ=="],

    "@oxc-transform/binding-darwin-arm64": ["@oxc-transform/binding-darwin-arm64@0.127.0", "", { "os": "darwin", "cpu": "arm64" }, "sha512-pUZ5jHFe/DsZUQMWb/BOIEXbJg/vvRJU/SQyGT8Ik9pSThYOvioARBCBYwTJNG5ajddjQmcXpzENgLe07irvZA=="],

    "@oxc-transform/binding-darwin-x64": ["@oxc-transform/binding-darwin-x64@0.127.0", "", { "os": "darwin", "cpu": "x64" }, "sha512-d+2BJ/3JVW4L7cT6FAJIqOyds1t3ZHMBYT4MpFzzRjwxS0ToENa3gm3W3Mruq9G4DlNgfW0Mp8qZwqEXpvJbuQ=="],

    "@oxc-transform/binding-freebsd-x64": ["@oxc-transform/binding-freebsd-x64@0.127.0", "", { "os": "freebsd", "cpu": "x64" }, "sha512-piZtLbhV0uaXkUW9IhGl0eW+qtBFQMvc8cuuvRtWhYit7sJcKKcL8AZaIq5Bwk/hDRBgoOyZMwX7qwS9X2PN1g=="],

    "@oxc-transform/binding-linux-arm-gnueabihf": ["@oxc-transform/binding-linux-arm-gnueabihf@0.127.0", "", { "os": "linux", "cpu": "arm" }, "sha512-gxPAKRp3tWVnPul/z8cEZcZqkR12DOFx1vg7/yqYy/rh706xEpSw16aT4e5m3onctH/XKZeW1d4koa5vpriNFg=="],

    "@oxc-transform/binding-linux-arm-musleabihf": ["@oxc-transform/binding-linux-arm-musleabihf@0.127.0", "", { "os": "linux", "cpu": "arm" }, "sha512-U/bL7pzUbB4EVOmhkvdJn0lef4R5W+nRR8YLRaGXScapMxLcUdwNOiJRydoqnWJs6z4JU7chwGvR6Cs69eQ5Hw=="],

    "@oxc-transform/binding-linux-arm64-gnu": ["@oxc-transform/binding-linux-arm64-gnu@0.127.0", "", { "os": "linux", "cpu": "arm64" }, "sha512-YiPtyow694+IUBw8ZwN5CNXhz/89dW7XPiz+sTACN2sxvxCKlmcgEraFc9PizE9iKtcchA36konF+yGO8SMoQg=="],

    "@oxc-transform/binding-linux-arm64-musl": ["@oxc-transform/binding-linux-arm64-musl@0.127.0", "", { "os": "linux", "cpu": "arm64" }, "sha512-xBCF0HUiDFD9Uk9Zb95f9PkVM7uJlzHBjY4iT1UJupxg+ApqpUxRL0cfyO2anZcesqOM2GffLnLBT4gwdRv+bQ=="],

    "@oxc-transform/binding-linux-ppc64-gnu": ["@oxc-transform/binding-linux-ppc64-gnu@0.127.0", "", { "os": "linux", "cpu": "ppc64" }, "sha512-lKNIuNAdMBQBrQEh9FSloH+fE6EZY8U6ZUqAbPEjcIHiEBUO7mx7DwogCZ8gib1xffNppvQ6oz0hFI0fMWb4cQ=="],

    "@oxc-transform/binding-linux-riscv64-gnu": ["@oxc-transform/binding-linux-riscv64-gnu@0.127.0", "", { "os": "linux", "cpu": "none" }, "sha512-WPl6s7h+Q6nl4u09D4+WnFGDBNj7AMFD6QXBqd23F9/xl+li2WlpOUidldoUZVJLtARuhHQtO0PQugoRPaHKYA=="],

    "@oxc-transform/binding-linux-riscv64-musl": ["@oxc-transform/binding-linux-riscv64-musl@0.127.0", "", { "os": "linux", "cpu": "none" }, "sha512-/LD0ufzVWF5TMXs2enX9XLMF49LYz5kpVb0XDuHZ36UhjGrg7WvaxLJp+lwVpgpdoMC6Sydi/KGFgbhhYbkgtg=="],

    "@oxc-transform/binding-linux-s390x-gnu": ["@oxc-transform/binding-linux-s390x-gnu@0.127.0", "", { "os": "linux", "cpu": "s390x" }, "sha512-xL0Dmzv28ooYtB2440BnNEedsii0KO32I+gJTdFl0/RceqBXjSCE0cD9DxJA8ORJOyfyKUPTG3lZ+bjU0eEcUw=="],

    "@oxc-transform/binding-linux-x64-gnu": ["@oxc-transform/binding-linux-x64-gnu@0.127.0", "", { "os": "linux", "cpu": "x64" }, "sha512-klWVSHzEMMwXeTTZwalsbhIoJxl4GDjE/HIDUG+1O7cUojRx4WUnX0udfibc3RorMimakc4VWFU+x13lshfKgg=="],

    "@oxc-transform/binding-linux-x64-musl": ["@oxc-transform/binding-linux-x64-musl@0.127.0", "", { "os": "linux", "cpu": "x64" }, "sha512-c4ELErkp2TqSZ/AQZZH80BHE6CY7lbFM2gEaOLeRkqXYMNw9U6wRwrdBMJtBv3ddD6HD1qLNhnEF+gpg/mDonw=="],

    "@oxc-transform/binding-openharmony-arm64": ["@oxc-transform/binding-openharmony-arm64@0.127.0", "", { "os": "none", "cpu": "arm64" }, "sha512-1gGjYNSduyuaQ0q4+69StMlgQ7lhGePTq2hoTeeGngGMn8FcheFbW/M83CGh26R1PxyXPY5w/uPSahu4m2GpSw=="],

    "@oxc-transform/binding-wasm32-wasi": ["@oxc-transform/binding-wasm32-wasi@0.127.0", "", { "dependencies": { "@emnapi/core": "1.9.2", "@emnapi/runtime": "1.9.2", "@napi-rs/wasm-runtime": "^1.1.4" }, "cpu": "none" }, "sha512-Fvsh9QaBYiTK8Uq8Z0yR67aVf3Y+YXWq53sHTvnmpykj5rKslxBpbY3vwdWezsKcNWbnpmBlU9XKjAlyMdlqzg=="],

    "@oxc-transform/binding-win32-arm64-msvc": ["@oxc-transform/binding-win32-arm64-msvc@0.127.0", "", { "os": "win32", "cpu": "arm64" }, "sha512-9A4/Kbfk96PMR7FSpi68vy7+Sb6sQyN4jn4qYLafsEjKW1UuyBGsPclPFX0LlbtfpOyBo0DVhdScMiECTB7hrA=="],

    "@oxc-transform/binding-win32-ia32-msvc": ["@oxc-transform/binding-win32-ia32-msvc@0.127.0", "", { "os": "win32", "cpu": "ia32" }, "sha512-0nGodphAt3YGqlo4ZkU19sy3m6vD+q4L+y7GUdqmWdYjxE5if+ZA6vRzxQ/P1b8voiyhhHqPLBH+RHfNk/gKJw=="],

    "@oxc-transform/binding-win32-x64-msvc": ["@oxc-transform/binding-win32-x64-msvc@0.127.0", "", { "os": "win32", "cpu": "x64" }, "sha512-iOew3ViUfZMicYuaejgdV4GXVKQFX9tlXRqqv2gniZOdggtZCYzfVpOiKw/hzLXRJTWJ8fqkUks7E6nrk8JlTw=="],

    "@tybys/wasm-util": ["@tybys/wasm-util@0.10.1", "", { "dependencies": { "tslib": "^2.4.0" } }, "sha512-9tTaPJLSiejZKx+Bmog4uSubteqTvFrVrURwkmHixBo0G4seD0zUxp98E1DzUBJxLQ3NPwXrGKDiVjwx/DpPsg=="],

    "@types/bun": ["@types/bun@1.3.10", "", { "dependencies": { "bun-types": "1.3.10" } }, "sha512-0+rlrUrOrTSskibryHbvQkDOWRJwJZqZlxrUs1u4oOoTln8+WIXBPmAuCF35SWB2z4Zl3E84Nl/D0P7803nigQ=="],

    "@types/node": ["@types/node@25.6.0", "", { "dependencies": { "undici-types": "~7.19.0" } }, "sha512-+qIYRKdNYJwY3vRCZMdJbPLJAtGjQBudzZzdzwQYkEPQd+PJGixUL5QfvCLDaULoLv+RhT3LDkwEfKaAkgSmNQ=="],

    "acorn": ["acorn@8.16.0", "", { "bin": { "acorn": "bin/acorn" } }, "sha512-UVJyE9MttOsBQIDKw1skb9nAwQuR5wuGD3+82K6JgJlm/Y+KI92oNsMNGZCYdDsVtRHSak0pcV5Dno5+4jh9sw=="],

    "ansi-colors": ["ansi-colors@4.1.3", "", {}, "sha512-/6w/C21Pm1A7aZitlI5Ni/2J6FFQN8i1Cvz3kHABAAbw93v/NlvKdVOqz7CCWz/3iv/JplRSEEZ83XION15ovw=="],

    "ansi-regex": ["ansi-regex@5.0.1", "", {}, "sha512-quJQXlTSUGL2LH9SUXo8VwsY4soanhgo6LNSm84E1LBcE8s3O0wpdiRzyR9z/ZZJMlMWv37qOOb9pdJlMUEKFQ=="],

    "bun-only": ["bun-only@0.0.1", "", {}, "sha512-eQdy3eKF3MPcrwhvDq/7BykQ9kpl9Lu/zJ9IcL1AsjZ4vct68Du8reZisptp7YL8b65iImMf9j06xmGUNsc2rQ=="],

    "bun-plugin-isolated-decl": ["bun-plugin-isolated-decl@0.2.9", "", { "dependencies": { "bun-only": "^0.0.1", "is-glob": "^4.0.3", "oxc-transform": "^0.82.3", "unplugin-isolated-decl": "^0.15.4" } }, "sha512-pIXAkBcLtHFi2Q9aYr1WE6EI/bRN8S4yM+s4oMI5oRRXIHeN+xWefkGibUyG8YJGUEMSIqsKSJVggfp6DYwEsw=="],

    "bun-types": ["bun-types@1.3.13", "", { "dependencies": { "@types/node": "*" } }, "sha512-QXKeHLlOLqQX9LgYaHJfzdBaV21T63HhFJnvuRCcjZiaUDpbs5ED1MgxbMra71CsryN/1dAoXuJJJwIv/2drVA=="],

    "enquirer": ["enquirer@2.4.1", "", { "dependencies": { "ansi-colors": "^4.1.1", "strip-ansi": "^6.0.1" } }, "sha512-rRqJg/6gd538VHvR3PSrdRBb/1Vy2YfzHqzvbhGIQpDRKIa4FgV/54b5Q1xYSxOOwKvjXweS26E0Q+nAMwp2pQ=="],

    "is-extglob": ["is-extglob@2.1.1", "", {}, "sha512-SbKbANkN603Vi4jEZv49LeVJMn4yGwsbzZworEoyEiutsN3nJYdbO36zfhGJ6QEDpOZIFkDtnq5JRxmvl3jsoQ=="],

    "is-glob": ["is-glob@4.0.3", "", { "dependencies": { "is-extglob": "^2.1.1" } }, "sha512-xelSayHH36ZgE7ZWhli7pW34hNbNl8Ojv5KVmkJD4hBdD3th8Tfk9vYasLM+mXWOZhFkgZfxhLSnrwRr4elSSg=="],

    "lab": ["lab@workspace:apps/lab"],

    "magic-string": ["magic-string@0.30.21", "", { "dependencies": { "@jridgewell/sourcemap-codec": "^1.5.5" } }, "sha512-vd2F4YUyEXKGcLHoq+TEyCjxueSeHnFxyyjNp80yg0XV4vUhnDer/lvvlqM/arB5bXQN5K2/3oinyCRyx8T2CQ=="],

    "obug": ["obug@2.1.1", "", {}, "sha512-uTqF9MuPraAQ+IsnPf366RG4cP9RtUi7MLO1N3KEc+wb0a6yKpeL0lmk2IB1jY5KHPAlTc6T/JRdC/YqxHNwkQ=="],

    "oxc-parser": ["oxc-parser@0.127.0", "", { "dependencies": { "@oxc-project/types": "^0.127.0" }, "optionalDependencies": { "@oxc-parser/binding-android-arm-eabi": "0.127.0", "@oxc-parser/binding-android-arm64": "0.127.0", "@oxc-parser/binding-darwin-arm64": "0.127.0", "@oxc-parser/binding-darwin-x64": "0.127.0", "@oxc-parser/binding-freebsd-x64": "0.127.0", "@oxc-parser/binding-linux-arm-gnueabihf": "0.127.0", "@oxc-parser/binding-linux-arm-musleabihf": "0.127.0", "@oxc-parser/binding-linux-arm64-gnu": "0.127.0", "@oxc-parser/binding-linux-arm64-musl": "0.127.0", "@oxc-parser/binding-linux-ppc64-gnu": "0.127.0", "@oxc-parser/binding-linux-riscv64-gnu": "0.127.0", "@oxc-parser/binding-linux-riscv64-musl": "0.127.0", "@oxc-parser/binding-linux-s390x-gnu": "0.127.0", "@oxc-parser/binding-linux-x64-gnu": "0.127.0", "@oxc-parser/binding-linux-x64-musl": "0.127.0", "@oxc-parser/binding-openharmony-arm64": "0.127.0", "@oxc-parser/binding-wasm32-wasi": "0.127.0", "@oxc-parser/binding-win32-arm64-msvc": "0.127.0", "@oxc-parser/binding-win32-ia32-msvc": "0.127.0", "@oxc-parser/binding-win32-x64-msvc": "0.127.0" } }, "sha512-bkgD4qHlN7WxLdX8bLXdaU54TtQtAIg/ZBAfm0aje/mo3MRDo3P0hZSgr4U7O3xfX+fQmR5AP04JS/TGcZLcFA=="],

    "oxc-transform": ["oxc-transform@0.127.0", "", { "optionalDependencies": { "@oxc-transform/binding-android-arm-eabi": "0.127.0", "@oxc-transform/binding-android-arm64": "0.127.0", "@oxc-transform/binding-darwin-arm64": "0.127.0", "@oxc-transform/binding-darwin-x64": "0.127.0", "@oxc-transform/binding-freebsd-x64": "0.127.0", "@oxc-transform/binding-linux-arm-gnueabihf": "0.127.0", "@oxc-transform/binding-linux-arm-musleabihf": "0.127.0", "@oxc-transform/binding-linux-arm64-gnu": "0.127.0", "@oxc-transform/binding-linux-arm64-musl": "0.127.0", "@oxc-transform/binding-linux-ppc64-gnu": "0.127.0", "@oxc-transform/binding-linux-riscv64-gnu": "0.127.0", "@oxc-transform/binding-linux-riscv64-musl": "0.127.0", "@oxc-transform/binding-linux-s390x-gnu": "0.127.0", "@oxc-transform/binding-linux-x64-gnu": "0.127.0", "@oxc-transform/binding-linux-x64-musl": "0.127.0", "@oxc-transform/binding-openharmony-arm64": "0.127.0", "@oxc-transform/binding-wasm32-wasi": "0.127.0", "@oxc-transform/binding-win32-arm64-msvc": "0.127.0", "@oxc-transform/binding-win32-ia32-msvc": "0.127.0", "@oxc-transform/binding-win32-x64-msvc": "0.127.0" } }, "sha512-NQOcL0m4mfYJyv3DRbjlQI0MOldnxOEqHwU53j7pI8UGThywfty+OkalWPmSGhHG8qhjxn9RJfWCm8O2UNPUcQ=="],

    "pathe": ["pathe@2.0.3", "", {}, "sha512-WUjGcAqP1gQacoQe+OBJsFA7Ld4DyXuUIjZ5cc75cLHvJ7dtNsTugphxIADwspS+AraAUePCKrSVtPLFj/F88w=="],

    "picomatch": ["picomatch@4.0.4", "", {}, "sha512-QP88BAKvMam/3NxH6vj2o21R6MjxZUAd6nlwAS/pnGvN9IVLocLHxGYIzFhg6fUQ+5th6P4dv4eW9jX3DSIj7A=="],

    "prettier": ["prettier@3.8.1", "", { "bin": { "prettier": "bin/prettier.cjs" } }, "sha512-UOnG6LftzbdaHZcKoPFtOcCKztrQ57WkHDeRD9t/PTQtmT0NHSeWWepj6pS0z/N7+08BHFDQVUrfmfMRcZwbMg=="],

    "strip-ansi": ["strip-ansi@6.0.1", "", { "dependencies": { "ansi-regex": "^5.0.1" } }, "sha512-Y38VPSHcqkFrCpFnQ9vuSXmquuv5oXOKpGeT6aGrr3o3Gc9AlVa6JBfUSOCnbxGGZF+/0ooI7KrPuUSztUdU5A=="],

    "tagged-tag": ["tagged-tag@1.0.0", "", {}, "sha512-yEFYrVhod+hdNyx7g5Bnkkb0G6si8HJurOoOEgC8B/O0uXLHlaey/65KRv6cuWBNhBgHKAROVpc7QyYqE5gFng=="],

    "tslib": ["tslib@2.8.1", "", {}, "sha512-oJFu94HQb+KVduSUQL7wnpmqnfmLsOA/nAh6b6EH0wCEoK0/mPeXU6c3wKDV83MkOuHPRHtSXKKU99IBazS/2w=="],

    "type-fest": ["type-fest@5.4.4", "", { "dependencies": { "tagged-tag": "^1.0.0" } }, "sha512-JnTrzGu+zPV3aXIUhnyWJj4z/wigMsdYajGLIYakqyOW1nPllzXEJee0QQbHj+CTIQtXGlAjuK0UY+2xTyjVAw=="],

    "typescript": ["typescript@6.0.3", "", { "bin": { "tsc": "bin/tsc", "tsserver": "bin/tsserver" } }, "sha512-y2TvuxSZPDyQakkFRPZHKFm+KKVqIisdg9/CZwm9ftvKXLP8NRWj38/ODjNbr43SsoXqNuAisEf1GdCxqWcdBw=="],

    "undici-types": ["undici-types@7.19.2", "", {}, "sha512-qYVnV5OEm2AW8cJMCpdV20CDyaN3g0AjDlOGf1OW4iaDEx8MwdtChUp4zu4H0VP3nDRF/8RKWH+IPp9uW0YGZg=="],

    "unplugin": ["unplugin@2.3.11", "", { "dependencies": { "@jridgewell/remapping": "^2.3.5", "acorn": "^8.15.0", "picomatch": "^4.0.3", "webpack-virtual-modules": "^0.6.2" } }, "sha512-5uKD0nqiYVzlmCRs01Fhs2BdkEgBS3SAVP6ndrBsuK42iC2+JHyxM05Rm9G8+5mkmRtzMZGY8Ct5+mliZxU/Ww=="],

    "unplugin-isolated-decl": ["unplugin-isolated-decl@0.15.7", "", { "dependencies": { "magic-string": "^0.30.21", "obug": "^2.1.1", "oxc-parser": ">=0.103.0", "oxc-transform": ">=0.103.0", "unplugin": "^2.3.11", "unplugin-utils": "^0.3.1" }, "peerDependencies": { "@swc/core": "^1.6.6", "typescript": "^5.5.2" }, "optionalPeers": ["@swc/core", "typescript"] }, "sha512-JrQGKO9HFvnnt7atd0PBoRLgZAKn66Qa2vKPebMhN5b/kzfuyLVSKKw+9DrcyPZ5PGobcg5SLWlAXq686SfnXw=="],

    "unplugin-utils": ["unplugin-utils@0.3.1", "", { "dependencies": { "pathe": "^2.0.3", "picomatch": "^4.0.3" } }, "sha512-5lWVjgi6vuHhJ526bI4nlCOmkCIF3nnfXkCMDeMJrtdvxTs6ZFCM8oNufGTsDbKv/tJ/xj8RpvXjRuPBZJuJog=="],

    "webpack-virtual-modules": ["webpack-virtual-modules@0.6.2", "", {}, "sha512-66/V2i5hQanC51vBQKPH4aI8NMAcBW59FVBs+rC7eGHupMyfn34q7rZIE+ETlJ+XTevqfUhVVBgSUNSW2flEUQ=="],

    "zod": ["zod@4.3.6", "", {}, "sha512-rftlrkhHZOcjDwkGlnUtZZkvaPHCsDATp4pGpuOOMDaTdDDXF91wuVDJoWoPsKX/3YPQ5fHuF3STjcYyKr+Qhg=="],

    "@bunstart/build/@types/bun": ["@types/bun@1.3.11", "", { "dependencies": { "bun-types": "1.3.11" } }, "sha512-5vPne5QvtpjGpsGYXiFyycfpDF2ECyPcTSsFBMa0fraoxiQyMJ3SmuQIGhzPg2WJuWxVBoxWJ2kClYTcw/4fAg=="],

    "@types/bun/bun-types": ["bun-types@1.3.10", "", { "dependencies": { "@types/node": "*" } }, "sha512-tcpfCCl6XWo6nCVnpcVrxQ+9AYN1iqMIzgrSKYMB/fjLtV2eyAVEg7AxQJuCq/26R6HpKWykQXuSOq/21RYcbg=="],

    "bun-plugin-isolated-decl/oxc-transform": ["oxc-transform@0.82.3", "", { "optionalDependencies": { "@oxc-transform/binding-android-arm64": "0.82.3", "@oxc-transform/binding-darwin-arm64": "0.82.3", "@oxc-transform/binding-darwin-x64": "0.82.3", "@oxc-transform/binding-freebsd-x64": "0.82.3", "@oxc-transform/binding-linux-arm-gnueabihf": "0.82.3", "@oxc-transform/binding-linux-arm-musleabihf": "0.82.3", "@oxc-transform/binding-linux-arm64-gnu": "0.82.3", "@oxc-transform/binding-linux-arm64-musl": "0.82.3", "@oxc-transform/binding-linux-riscv64-gnu": "0.82.3", "@oxc-transform/binding-linux-s390x-gnu": "0.82.3", "@oxc-transform/binding-linux-x64-gnu": "0.82.3", "@oxc-transform/binding-linux-x64-musl": "0.82.3", "@oxc-transform/binding-wasm32-wasi": "0.82.3", "@oxc-transform/binding-win32-arm64-msvc": "0.82.3", "@oxc-transform/binding-win32-x64-msvc": "0.82.3" } }, "sha512-/vpZvbKSGpUcD06oTPMdAoLLNl2YjIzPAhAR2UDmBy/EyrTObmopxqOL9Pczg/R5cpisi7PzXbsn25tu00Ruqw=="],

    "@bunstart/build/@types/bun/bun-types": ["bun-types@1.3.11", "", { "dependencies": { "@types/node": "*" } }, "sha512-1KGPpoxQWl9f6wcZh57LvrPIInQMn2TQ7jsgxqpRzg+l0QPOFvJVH7HmvHo/AiPgwXy+/Thf6Ov3EdVn1vOabg=="],

    "@types/bun/bun-types/@types/node": ["@types/node@25.0.9", "", { "dependencies": { "undici-types": "~7.16.0" } }, "sha512-/rpCXHlCWeqClNBwUhDcusJxXYDjZTyE8v5oTO7WbL8eij2nKhUeU89/6xgjU7N4/Vh3He0BtyhJdQbDyhiXAw=="],

    "bun-plugin-isolated-decl/oxc-transform/@oxc-transform/binding-android-arm64": ["@oxc-transform/binding-android-arm64@0.82.3", "", { "os": "android", "cpu": "arm64" }, "sha512-25Wh8wRSVMNiGJHeT1kIOKynrXbMoSR5vkhL+j7GyXs+R7tA3Vah574NK86y7k8Ayz7bmddSepue+Mp4/B2bqg=="],

    "bun-plugin-isolated-decl/oxc-transform/@oxc-transform/binding-darwin-arm64": ["@oxc-transform/binding-darwin-arm64@0.82.3", "", { "os": "darwin", "cpu": "arm64" }, "sha512-AUXBcudAnFG74NkeKb03dkJ7jMrqasj8dr1p3KK4n4t/h687D63zWS7Ujqm46ilMJAta7yOQOXRG01ulrYfZ9w=="],

    "bun-plugin-isolated-decl/oxc-transform/@oxc-transform/binding-darwin-x64": ["@oxc-transform/binding-darwin-x64@0.82.3", "", { "os": "darwin", "cpu": "x64" }, "sha512-ZibkYbQxnmEWA3PZzvt1s48hzZ8x7JXja9jBGxcztyku3CeJfg84VLBQtKplQ+X/844b6SguGovhzM+f+B8mfw=="],

    "bun-plugin-isolated-decl/oxc-transform/@oxc-transform/binding-freebsd-x64": ["@oxc-transform/binding-freebsd-x64@0.82.3", "", { "os": "freebsd", "cpu": "x64" }, "sha512-TgWClgWmsd+PqB8KjzmCDg4LgjJSjr9M6iMo7DnMpJQ8wKn6OXax1uzUmAhMVURn3fZ/mOjreVlxnsMo0EDGBg=="],

    "bun-plugin-isolated-decl/oxc-transform/@oxc-transform/binding-linux-arm-gnueabihf": ["@oxc-transform/binding-linux-arm-gnueabihf@0.82.3", "", { "os": "linux", "cpu": "arm" }, "sha512-doD+InoG9wTY20zGeiY2yhhZQ/7JeyegxQziCxzSWwMVDFX9Ta1M3EPPLJ2HFpSrx1UAHoNtaXsTJK0kZRXptg=="],

    "bun-plugin-isolated-decl/oxc-transform/@oxc-transform/binding-linux-arm-musleabihf": ["@oxc-transform/binding-linux-arm-musleabihf@0.82.3", "", { "os": "linux", "cpu": "arm" }, "sha512-PQPNo7/HzULjG5mZ4S6zgyLRCSMf9XubNJkOKvlk2+G8dnui9qe74jWbuZLdnlHbWiYmVxOlWt7c3FPdUcGSmw=="],

    "bun-plugin-isolated-decl/oxc-transform/@oxc-transform/binding-linux-arm64-gnu": ["@oxc-transform/binding-linux-arm64-gnu@0.82.3", "", { "os": "linux", "cpu": "arm64" }, "sha512-u8UCgPfVVfk/nIjhKfWNgT5J+qB3RjxnYWLg1TLV+TDKAXKRQvkTS7q+rygDSM3S+yaf8zZqqFf9Yz4mlKchvg=="],

    "bun-plugin-isolated-decl/oxc-transform/@oxc-transform/binding-linux-arm64-musl": ["@oxc-transform/binding-linux-arm64-musl@0.82.3", "", { "os": "linux", "cpu": "arm64" }, "sha512-//hl3Xe36+fwyBrzKpTSMgSDqscbqpkeQ1TTvfkZS7IKuLoSM7lVbU+fpaOslDXUezLg9SwN6Cn2sL61OX7IaA=="],

    "bun-plugin-isolated-decl/oxc-transform/@oxc-transform/binding-linux-riscv64-gnu": ["@oxc-transform/binding-linux-riscv64-gnu@0.82.3", "", { "os": "linux", "cpu": "none" }, "sha512-iOPpMG0EAvOOZ048OdmuUhWV5NRXERDVj/+k5IUIOzXuxZSjrJK/NjirdpYnXXLMx3lDIm2muMR1ESg0f8eb+A=="],

    "bun-plugin-isolated-decl/oxc-transform/@oxc-transform/binding-linux-s390x-gnu": ["@oxc-transform/binding-linux-s390x-gnu@0.82.3", "", { "os": "linux", "cpu": "s390x" }, "sha512-pdgFqoFoqs6JNoaV540RZSMq4uaArlL1ZnjT1rsL662K4CejOAFmyuroCw98DdF/TQsuFQV1a4At7jHlF1H+0Q=="],

    "bun-plugin-isolated-decl/oxc-transform/@oxc-transform/binding-linux-x64-gnu": ["@oxc-transform/binding-linux-x64-gnu@0.82.3", "", { "os": "linux", "cpu": "x64" }, "sha512-OJ9k0xIqejBNp+6dn1V/QZk0iHBqJsq/Jm/+9wjg3gJyDOZFq0qU/zHAuUzObro6JGFBmPvAZsVi4qEaYZLIQA=="],

    "bun-plugin-isolated-decl/oxc-transform/@oxc-transform/binding-linux-x64-musl": ["@oxc-transform/binding-linux-x64-musl@0.82.3", "", { "os": "linux", "cpu": "x64" }, "sha512-nPaIuIm0OM2Xylt3suhiLw6POklE8KlpO2hRuGtiLQTFWORPgB3SzDTrp2Trxob40bsbCTVyeWHB/VsC/vw5Gw=="],

    "bun-plugin-isolated-decl/oxc-transform/@oxc-transform/binding-wasm32-wasi": ["@oxc-transform/binding-wasm32-wasi@0.82.3", "", { "dependencies": { "@napi-rs/wasm-runtime": "^1.0.3" }, "cpu": "none" }, "sha512-srV5VaR6cgs808dm/gBDAuqUaPqgWsoLMPbmojMt/qGu2fEOSQzv5i3X0b5V6OyHM9k53BK449k22JHTCzpyAg=="],

    "bun-plugin-isolated-decl/oxc-transform/@oxc-transform/binding-win32-arm64-msvc": ["@oxc-transform/binding-win32-arm64-msvc@0.82.3", "", { "os": "win32", "cpu": "arm64" }, "sha512-6/YlbsKYXjd7lsEp2rdqaJ19MiLW6D+JZP6OSRrkZhRS0aFjpVB1NDEMquYr0dB+/Dd8NchHJoeNhJrhE80PgA=="],

    "bun-plugin-isolated-decl/oxc-transform/@oxc-transform/binding-win32-x64-msvc": ["@oxc-transform/binding-win32-x64-msvc@0.82.3", "", { "os": "win32", "cpu": "x64" }, "sha512-2s19kAMWzeg4HDWTOxwXj9i+j3PXOISZeEwZT9IiEWX6as0o4Ab2zAnQvjwgKgCg3HProDmCHz3KFr8eBClhqQ=="],

    "@bunstart/build/@types/bun/bun-types/@types/node": ["@types/node@25.0.9", "", { "dependencies": { "undici-types": "~7.16.0" } }, "sha512-/rpCXHlCWeqClNBwUhDcusJxXYDjZTyE8v5oTO7WbL8eij2nKhUeU89/6xgjU7N4/Vh3He0BtyhJdQbDyhiXAw=="],

    "@types/bun/bun-types/@types/node/undici-types": ["undici-types@7.16.0", "", {}, "sha512-Zz+aZWSj8LE6zoxD+xrjh4VfkIG8Ya6LvYkZqtUQGJPZjYl53ypCaUwWqo7eI0x66KBGeRo+mlBEkMSeSZ38Nw=="],

    "@bunstart/build/@types/bun/bun-types/@types/node/undici-types": ["undici-types@7.16.0", "", {}, "sha512-Zz+aZWSj8LE6zoxD+xrjh4VfkIG8Ya6LvYkZqtUQGJPZjYl53ypCaUwWqo7eI0x66KBGeRo+mlBEkMSeSZ38Nw=="],
  }
}
